
Microsoft Visual Studio Solution File, Format Version 12.00
# Visual Studio Version 16
VisualStudioVersion = 16.0.30907.101
MinimumVisualStudioVersion = 10.0.40219.1
Project("{9A19103F-16F7-4668-BE54-9A1E7A4F7556}") = "DataAccess", "DataAccess\DataAccess.csproj", "{6B040105-DFC9-4305-A43B-0B2DB6CE81BE}"
EndProject
Project("{9A19103F-16F7-4668-BE54-9A1E7A4F7556}") = "Business", "Business\Business.csproj", "{0DB81580-011B-4334-820A-38F4405705C2}"
EndProject
Project("{9A19103F-16F7-4668-BE54-9A1E7A4F7556}") = "Entities", "Entities\Entities.csproj", "{F33C626F-903D-4282-A581-B96482C14AB7}"
EndProject
Project("{9A19103F-16F7-4668-BE54-9A1E7A4F7556}") = "ConsoleUI", "ConsoleUI\ConsoleUI.csproj", "{4FA09F4E-BD74-4650-A26C-9988A23A0FE2}"
EndProject
Project("{9A19103F-16F7-4668-BE54-9A1E7A4F7556}") = "Core", "Core\Core.csproj", "{963E973A-A75D-435A-9F6F-66E0237E82F0}"
EndProject
Project("{FAE04EC0-301F-11D3-BF4B-00C04F79EFBC}") = "WebAPI", "WebAPI\WebAPI.csproj", "{F22E8929-C46E-49E1-980E-B02A0CF3821E}"
EndProject
Global
	GlobalSection(SolutionConfigurationPlatforms) = preSolution
		Debug|Any CPU = Debug|Any CPU
		Release|Any CPU = Release|Any CPU
	EndGlobalSection
	GlobalSection(ProjectConfigurationPlatforms) = postSolution
		{6B040105-DFC9-4305-A43B-0B2DB6CE81BE}.Debug|Any CPU.ActiveCfg = Debug|Any CPU
		{6B040105-DFC9-4305-A43B-0B2DB6CE81BE}.Debug|Any CPU.Build.0 = Debug|Any CPU
		{6B040105-DFC9-4305-A43B-0B2DB6CE81BE}.Release|Any CPU.ActiveCfg = Release|Any CPU
		{6B040105-DFC9-4305-A43B-0B2DB6CE81BE}.Release|Any CPU.Build.0 = Release|Any CPU
		{0DB81580-011B-4334-820A-38F4405705C2}.Debug|Any CPU.ActiveCfg = Debug|Any CPU
		{0DB81580-011B-4334-820A-38F4405705C2}.Debug|Any CPU.Build.0 = Debug|Any CPU
		{0DB81580-011B-4334-820A-38F4405705C2}.Release|Any CPU.ActiveCfg = Release|Any CPU
		{0DB81580-011B-4334-820A-38F4405705C2}.Release|Any CPU.Build.0 = Release|Any CPU
		{F33C626F-903D-4282-A581-B96482C14AB7}.Debug|Any CPU.ActiveCfg = Debug|Any CPU
		{F33C626F-903D-4282-A581-B96482C14AB7}.Debug|Any CPU.Build.0 = Debug|Any CPU
		{F33C626F-903D-4282-A581-B96482C14AB7}.Release|Any CPU.ActiveCfg = Release|Any CPU
		{F33C626F-903D-4282-A581-B96482C14AB7}.Release|Any CPU.Build.0 = Release|Any CPU
		{4FA09F4E-BD74-4650-A26C-9988A23A0FE2}.Debug|Any CPU.ActiveCfg = Debug|Any CPU
		{4FA09F4E-BD74-4650-A26C-9988A23A0FE2}.Debug|Any CPU.Build.0 = Debug|Any CPU
		{4FA09F4E-BD74-4650-A26C-9988A23A0FE2}.Release|Any CPU.ActiveCfg = Release|Any CPU
		{4FA09F4E-BD74-4650-A26C-9988A23A0FE2}.Release|Any CPU.Build.0 = Release|Any CPU
		{963E973A-A75D-435A-9F6F-66E0237E82F0}.Debug|Any CPU.ActiveCfg = Debug|Any CPU
		{963E973A-A75D-435A-9F6F-66E0237E82F0}.Debug|Any CPU.Build.0 = Debug|Any CPU
		{963E973A-A75D-435A-9F6F-66E0237E82F0}.Release|Any CPU.ActiveCfg = Release|Any CPU
		{963E973A-A75D-435A-9F6F-66E0237E82F0}.Release|Any CPU.Build.0 = Release|Any CPU
		{F22E8929-C46E-49E1-980E-B02A0CF3821E}.Debug|Any CPU.ActiveCfg = Debug|Any CPU
		{F22E8929-C46E-49E1-980E-B02A0CF3821E}.Debug|Any CPU.Build.0 = Debug|Any CPU
		{F22E8929-C46E-49E1-980E-B02A0CF3821E}.Release|Any CPU.ActiveCfg = Release|Any CPU
		{F22E8929-C46E-49E1-980E-B02A0CF3821E}.Release|Any CPU.Build.0 = Release|Any CPU
	EndGlobalSection
	GlobalSection(SolutionProperties) = preSolution
		HideSolutionNode = FALSE
	EndGlobalSection
	GlobalSection(ExtensibilityGlobals) = postSolution
		SolutionGuid = {AB264C96-C055-4CE1-800A-419D0B51FF4A}
	EndGlobalSection
EndGlobal
